github.com/elazarl/goproxy v0.0.0-20230808193330-2592e75ae04a h1:mATvB/9r/3gvcejNsXKSkQ6lcIaNec2nyfOdlTBR2lU=
github.com/elazarl/goproxy v0.0.0-20230808193330-2592e75ae04a/go.mod h1:Ro8st/ElPeALwNFlcTpWmkr6IoMFfkjXAvTHpevnDsM=
github.com/elazarl/goproxy/ext v0.0.0-20190711103511-473e67f1d7d2 h1:dWB6v3RcOy03t/bUadywsbyrQwCqZeNIEX6M1OtSZOM=
github.com/elazarl/goproxy/ext v0.0.0-20190711103511-473e67f1d7d2/go.mod h1:gNh8nYJoAm43RfaxurUnxr+N1PwuFV3ZMl/efxlIlY8=
github.com/gobwas/glob v0.2.3 h1:A4xDbljILXROh+kObIiy5kIaPYD8e96x1tgBhUI5J+Y=
github.com/gobwas/glob v0.2.3/go.mod h1:d3Ez4x06l9bZtSvzIay5+Yzi0fmZzPgnTbPcKjJAkT8=
github.com/golang/protobuf v1.5.0/go.mod h1:FsONVRAS9T7sI+LIUmWTfcYkHO4aIWwzhcaSAoJOfIk=
github.com/google/go-cmp v0.5.5/go.mod h1:v8dTdLbMG2kIc/vJvl+f65V22dbkXbowE6jgT/gNBxE=
github.com/google/go-cmp v0.5.8 h1:e6P7q2lk1O+qJJb4BtCQXlK8vWEO8V1ZeuEdJNOqZyg=
github.com/google/go-cmp v0.5.8/go.mod h1:17dUlkBOakJ0+DkrSSNjCkIjxS6bF9zb3elmeNGIjoY=
github.com/inconshreveable/go-vhost v1.0.0 h1:IK4VZTlXL4l9vz2IZoiSFbYaaqUW7dXJAiPriUN5Ur8=
github.com/inconshreveable/go-vhost v1.0.0/go.mod h1:aA6DnFhALT3zH0y+A39we+zbrdMC2N0X/q21e6FI0LU=
github.com/protocolbuffers/protoscope v0.0.0-20221109213918-8e7a6aafa2c9 h1:arwj11zP0yJIxIRiDn22E0H8PxfF7TsTrc2wIPFIsf4=
github.com/protocolbuffers/protoscope v0.0.0-20221109213918-8e7a6aafa2c9/go.mod h1:SKZx6stCn03JN3BOWTwvVIO2ajMkb/zQdTceXYhKw/4=
github.com/rogpeppe/go-charset v0.0.0-20180617210344-2471d30d28b4/go.mod h1:qgYeAmZ5ZIpBWTGllZSQnw97Dj+woV0toclVaRGI8pc=
golang.org/x/xerrors v0.0.0-20191204190536-9bdfabe68543/go.mod h1:I/5z698sn9Ka8TeJc9MKroUUfqBBauWjQqLJ2OPfmY0=
google.golang.org/protobuf v1.26.0-rc.1/go.mod h1:jlhhOSvTdKEhbULTjvd4ARK9grFBp09yW+WbY/TyQbw=
google.golang.org/protobuf v1.28.0 h1:w43yiav+6bVFTBQFZX0r7ipe9JQ1QsbMgHwbBziscLw=
google.golang.org/protobuf v1.28.0/go.mod h1:HV8QOd/L58Z+nl8r43ehVNZIU/HEI6OcFqwMG9pJV4I=
